
Microsoft Visual Studio Solution File, Format Version 12.00
# Visual Studio Version 17
VisualStudioVersion = 17.6.33829.357
MinimumVisualStudioVersion = 10.0.40219.1
Project("{FAE04EC0-301F-11D3-BF4B-00C04F79EFBC}") = "CRUDSERVER", "CRUDSERVER\CRUDSERVER.csproj", "{236AAC17-BC1D-421E-9F2B-50574A14AD98}"
EndProject
Global
	GlobalSection(SolutionConfigurationPlatforms) = preSolution
		Debug|Any CPU = Debug|Any CPU
		Release|Any CPU = Release|Any CPU
	EndGlobalSection
	GlobalSection(ProjectConfigurationPlatforms) = postSolution
		{236AAC17-BC1D-421E-9F2B-50574A14AD98}.Debug|Any CPU.ActiveCfg = Debug|Any CPU
		{236AAC17-BC1D-421E-9F2B-50574A14AD98}.Debug|Any CPU.Build.0 = Debug|Any CPU
		{236AAC17-BC1D-421E-9F2B-50574A14AD98}.Release|Any CPU.ActiveCfg = Release|Any CPU
		{236AAC17-BC1D-421E-9F2B-50574A14AD98}.Release|Any CPU.Build.0 = Release|Any CPU
	EndGlobalSection
	GlobalSection(SolutionProperties) = preSolution
		HideSolutionNode = FALSE
	EndGlobalSection
	GlobalSection(ExtensibilityGlobals) = postSolution
		SolutionGuid = {C65D1E0C-BE2F-48DC-B574-DB2159F3C077}
	EndGlobalSection
EndGlobal
